
Microsoft Visual Studio Solution File, Format Version 12.00
# Visual Studio Version 16
VisualStudioVersion = 16.0.29418.71
MinimumVisualStudioVersion = 10.0.40219.1
Project("{2150E333-8FDC-42A3-9474-1A3956D46DE8}") = "src", "src", "{F090AD1C-246B-49B8-A787-0BC76378B0BC}"
EndProject
Project("{9A19103F-16F7-4668-BE54-9A1E7A4F7556}") = "Fap.Core", "src\Fap.Core\Fap.Core.csproj", "{DBAAC8A0-0E4D-4786-B1F1-FAB26F282CCE}"
EndProject
Project("{2150E333-8FDC-42A3-9474-1A3956D46DE8}") = "product", "product", "{5290071D-CB5C-46C9-AD47-1061743FA3DA}"
EndProject
Project("{2150E333-8FDC-42A3-9474-1A3956D46DE8}") = "hcm", "hcm", "{B10864B6-D325-4345-AB3F-BF37B1379878}"
EndProject
Project("{9A19103F-16F7-4668-BE54-9A1E7A4F7556}") = "Fap.Hcm.Web", "product\hcm\Fap.Hcm.Web\Fap.Hcm.Web.csproj", "{3DC57A2A-C9F1-4BCA-A5D3-56926A5D9B0A}"
EndProject
Project("{2150E333-8FDC-42A3-9474-1A3956D46DE8}") = "tests", "tests", "{79664383-D816-4900-9074-D8A98F9C8712}"
EndProject
Project("{9A19103F-16F7-4668-BE54-9A1E7A4F7556}") = "XUnitTestFapCore", "tests\XUnitTestFapCore\XUnitTestFapCore.csproj", "{FB5D1BF6-6309-4E4D-8A4D-E16C8D8EF01B}"
EndProject
Project("{2150E333-8FDC-42A3-9474-1A3956D46DE8}") = "thirdparty", "thirdparty", "{CFA4CB9A-8CBF-4F54-914B-5F2B96CAC57C}"
EndProject
Project("{9A19103F-16F7-4668-BE54-9A1E7A4F7556}") = "SQLGeneration", "thirdparty\SQLGeneration\SQLGeneration.csproj", "{044E9C02-3FBF-40CA-8F98-C2F05923D814}"
EndProject
Project("{9A19103F-16F7-4668-BE54-9A1E7A4F7556}") = "Fap.AspNetCore", "src\Fap.AspNetCore\Fap.AspNetCore.csproj", "{E23CD73E-9AB0-44D4-B1AD-91C6F7715F8F}"
EndProject
Project("{9A19103F-16F7-4668-BE54-9A1E7A4F7556}") = "Fap.Workflow", "src\Fap.Workflow\Fap.Workflow.csproj", "{C6C1789A-2BE8-4A2F-A6A3-81C008FA4143}"
EndProject
Project("{9A19103F-16F7-4668-BE54-9A1E7A4F7556}") = "Fap.Hcm.Service", "product\hcm\Fap.Hcm.Service\Fap.Hcm.Service.csproj", "{43994168-CF9F-4994-9694-C81408939B85}"
EndProject
Project("{2150E333-8FDC-42A3-9474-1A3956D46DE8}") = "Solution Items", "Solution Items", "{E7F88132-8E9D-4B4E-B4EC-8254035E7E4F}"
	ProjectSection(SolutionItems) = preProject
		.editorconfig = .editorconfig
		DockerMysql.txt = DockerMysql.txt
		metadata.sql = metadata.sql
		update1.sql = update1.sql
	EndProjectSection
EndProject
Project("{9A19103F-16F7-4668-BE54-9A1E7A4F7556}") = "UEditorNetCore", "thirdparty\UEditorNetCore\UEditorNetCore.csproj", "{01A60121-72CC-4893-8754-8E5DBD589B2F}"
EndProject
Project("{FAE04EC0-301F-11D3-BF4B-00C04F79EFBC}") = "Fap.ExcelReport", "src\Fap.ExcelReport\Fap.ExcelReport.csproj", "{FF8EFF7A-BB5A-4C25-A9CD-AADCD27BB550}"
EndProject
Global
	GlobalSection(SolutionConfigurationPlatforms) = preSolution
		Debug|Any CPU = Debug|Any CPU
		Release|Any CPU = Release|Any CPU
	EndGlobalSection
	GlobalSection(ProjectConfigurationPlatforms) = postSolution
		{DBAAC8A0-0E4D-4786-B1F1-FAB26F282CCE}.Debug|Any CPU.ActiveCfg = Debug|Any CPU
		{DBAAC8A0-0E4D-4786-B1F1-FAB26F282CCE}.Debug|Any CPU.Build.0 = Debug|Any CPU
		{DBAAC8A0-0E4D-4786-B1F1-FAB26F282CCE}.Release|Any CPU.ActiveCfg = Release|Any CPU
		{DBAAC8A0-0E4D-4786-B1F1-FAB26F282CCE}.Release|Any CPU.Build.0 = Release|Any CPU
		{3DC57A2A-C9F1-4BCA-A5D3-56926A5D9B0A}.Debug|Any CPU.ActiveCfg = Debug|Any CPU
		{3DC57A2A-C9F1-4BCA-A5D3-56926A5D9B0A}.Debug|Any CPU.Build.0 = Debug|Any CPU
		{3DC57A2A-C9F1-4BCA-A5D3-56926A5D9B0A}.Release|Any CPU.ActiveCfg = Release|Any CPU
		{3DC57A2A-C9F1-4BCA-A5D3-56926A5D9B0A}.Release|Any CPU.Build.0 = Release|Any CPU
		{FB5D1BF6-6309-4E4D-8A4D-E16C8D8EF01B}.Debug|Any CPU.ActiveCfg = Debug|Any CPU
		{FB5D1BF6-6309-4E4D-8A4D-E16C8D8EF01B}.Debug|Any CPU.Build.0 = Debug|Any CPU
		{FB5D1BF6-6309-4E4D-8A4D-E16C8D8EF01B}.Release|Any CPU.ActiveCfg = Release|Any CPU
		{FB5D1BF6-6309-4E4D-8A4D-E16C8D8EF01B}.Release|Any CPU.Build.0 = Release|Any CPU
		{044E9C02-3FBF-40CA-8F98-C2F05923D814}.Debug|Any CPU.ActiveCfg = Debug|Any CPU
		{044E9C02-3FBF-40CA-8F98-C2F05923D814}.Debug|Any CPU.Build.0 = Debug|Any CPU
		{044E9C02-3FBF-40CA-8F98-C2F05923D814}.Release|Any CPU.ActiveCfg = Release|Any CPU
		{044E9C02-3FBF-40CA-8F98-C2F05923D814}.Release|Any CPU.Build.0 = Release|Any CPU
		{E23CD73E-9AB0-44D4-B1AD-91C6F7715F8F}.Debug|Any CPU.ActiveCfg = Debug|Any CPU
		{E23CD73E-9AB0-44D4-B1AD-91C6F7715F8F}.Debug|Any CPU.Build.0 = Debug|Any CPU
		{E23CD73E-9AB0-44D4-B1AD-91C6F7715F8F}.Release|Any CPU.ActiveCfg = Release|Any CPU
		{E23CD73E-9AB0-44D4-B1AD-91C6F7715F8F}.Release|Any CPU.Build.0 = Release|Any CPU
		{C6C1789A-2BE8-4A2F-A6A3-81C008FA4143}.Debug|Any CPU.ActiveCfg = Debug|Any CPU
		{C6C1789A-2BE8-4A2F-A6A3-81C008FA4143}.Debug|Any CPU.Build.0 = Debug|Any CPU
		{C6C1789A-2BE8-4A2F-A6A3-81C008FA4143}.Release|Any CPU.ActiveCfg = Release|Any CPU
		{C6C1789A-2BE8-4A2F-A6A3-81C008FA4143}.Release|Any CPU.Build.0 = Release|Any CPU
		{43994168-CF9F-4994-9694-C81408939B85}.Debug|Any CPU.ActiveCfg = Debug|Any CPU
		{43994168-CF9F-4994-9694-C81408939B85}.Debug|Any CPU.Build.0 = Debug|Any CPU
		{43994168-CF9F-4994-9694-C81408939B85}.Release|Any CPU.ActiveCfg = Release|Any CPU
		{43994168-CF9F-4994-9694-C81408939B85}.Release|Any CPU.Build.0 = Release|Any CPU
		{01A60121-72CC-4893-8754-8E5DBD589B2F}.Debug|Any CPU.ActiveCfg = Debug|Any CPU
		{01A60121-72CC-4893-8754-8E5DBD589B2F}.Debug|Any CPU.Build.0 = Debug|Any CPU
		{01A60121-72CC-4893-8754-8E5DBD589B2F}.Release|Any CPU.ActiveCfg = Release|Any CPU
		{01A60121-72CC-4893-8754-8E5DBD589B2F}.Release|Any CPU.Build.0 = Release|Any CPU
		{FF8EFF7A-BB5A-4C25-A9CD-AADCD27BB550}.Debug|Any CPU.ActiveCfg = Debug|Any CPU
		{FF8EFF7A-BB5A-4C25-A9CD-AADCD27BB550}.Debug|Any CPU.Build.0 = Debug|Any CPU
		{FF8EFF7A-BB5A-4C25-A9CD-AADCD27BB550}.Release|Any CPU.ActiveCfg = Release|Any CPU
		{FF8EFF7A-BB5A-4C25-A9CD-AADCD27BB550}.Release|Any CPU.Build.0 = Release|Any CPU
	EndGlobalSection
	GlobalSection(SolutionProperties) = preSolution
		HideSolutionNode = FALSE
	EndGlobalSection
	GlobalSection(NestedProjects) = preSolution
		{DBAAC8A0-0E4D-4786-B1F1-FAB26F282CCE} = {F090AD1C-246B-49B8-A787-0BC76378B0BC}
		{B10864B6-D325-4345-AB3F-BF37B1379878} = {5290071D-CB5C-46C9-AD47-1061743FA3DA}
		{3DC57A2A-C9F1-4BCA-A5D3-56926A5D9B0A} = {B10864B6-D325-4345-AB3F-BF37B1379878}
		{FB5D1BF6-6309-4E4D-8A4D-E16C8D8EF01B} = {79664383-D816-4900-9074-D8A98F9C8712}
		{044E9C02-3FBF-40CA-8F98-C2F05923D814} = {CFA4CB9A-8CBF-4F54-914B-5F2B96CAC57C}
		{E23CD73E-9AB0-44D4-B1AD-91C6F7715F8F} = {F090AD1C-246B-49B8-A787-0BC76378B0BC}
		{C6C1789A-2BE8-4A2F-A6A3-81C008FA4143} = {F090AD1C-246B-49B8-A787-0BC76378B0BC}
		{43994168-CF9F-4994-9694-C81408939B85} = {B10864B6-D325-4345-AB3F-BF37B1379878}
		{01A60121-72CC-4893-8754-8E5DBD589B2F} = {CFA4CB9A-8CBF-4F54-914B-5F2B96CAC57C}
		{FF8EFF7A-BB5A-4C25-A9CD-AADCD27BB550} = {F090AD1C-246B-49B8-A787-0BC76378B0BC}
	EndGlobalSection
	GlobalSection(ExtensibilityGlobals) = postSolution
		SolutionGuid = {44AE87F0-7178-43D6-81AB-3D9AB237BD1C}
	EndGlobalSection
EndGlobal
